// !$*UTF8*$!
{
	archiveVersion = 1;
	classes = {
	};
	objectVersion = 56;
	objects = {

/* Begin PBXBuildFile section */
		A03314CE299692AD00F409A5 /* sensoriWatch1 Watch App.app in Embed Watch Content */ = {isa = PBXBuildFile; fileRef = A03314CD299692AD00F409A5 /* sensoriWatch1 Watch App.app */; settings = {ATTRIBUTES = (RemoveHeadersOnCopy, ); }; };
		A03314D3299692AD00F409A5 /* sensoriWatch1App.swift in Sources */ = {isa = PBXBuildFile; fileRef = A03314D2299692AD00F409A5 /* sensoriWatch1App.swift */; };
		A03314D5299692AD00F409A5 /* ContentView.swift in Sources */ = {isa = PBXBuildFile; fileRef = A03314D4299692AD00F409A5 /* ContentView.swift */; };
		A03314D7299692AE00F409A5 /* Assets.xcassets in Resources */ = {isa = PBXBuildFile; fileRef = A03314D6299692AE00F409A5 /* Assets.xcassets */; };
		A03314DA299692AE00F409A5 /* Preview Assets.xcassets in Resources */ = {isa = PBXBuildFile; fileRef = A03314D9299692AE00F409A5 /* Preview Assets.xcassets */; };
/* End PBXBuildFile section */

/* Begin PBXContainerItemProxy section */
		A03314CF299692AD00F409A5 /* PBXContainerItemProxy */ = {
			isa = PBXContainerItemProxy;
			containerPortal = A03314C1299692AD00F409A5 /* Project object */;
			proxyType = 1;
			remoteGlobalIDString = A03314CC299692AD00F409A5;
			remoteInfo = "sensoriWatch1 Watch App";
		};
/* End PBXContainerItemProxy section */

/* Begin PBXCopyFilesBuildPhase section */
		A03314E0299692AE00F409A5 /* Embed Watch Content */ = {
			isa = PBXCopyFilesBuildPhase;
			buildActionMask = 2147483647;
			dstPath = "$(CONTENTS_FOLDER_PATH)/Watch";
			dstSubfolderSpec = 16;
			files = (
				A03314CE299692AD00F409A5 /* sensoriWatch1 Watch App.app in Embed Watch Content */,
			);
			name = "Embed Watch Content";
			runOnlyForDeploymentPostprocessing = 0;
		};
/* End PBXCopyFilesBuildPhase section */

/* Begin PBXFileReference section */
		A03314C7299692AD00F409A5 /* sensoriWatch1.app */ = {isa = PBXFileReference; explicitFileType = wrapper.application; includeInIndex = 0; path = sensoriWatch1.app; sourceTree = BUILT_PRODUCTS_DIR; };
		A03314CD299692AD00F409A5 /* sensoriWatch1 Watch App.app */ = {isa = PBXFileReference; explicitFileType = wrapper.application; includeInIndex = 0; path = "sensoriWatch1 Watch App.app"; sourceTree = BUILT_PRODUCTS_DIR; };
		A03314D2299692AD00F409A5 /* sensoriWatch1App.swift */ = {isa = PBXFileReference; lastKnownFileType = sourcecode.swift; path = sensoriWatch1App.swift; sourceTree = "<group>"; };
		A03314D4299692AD00F409A5 /* ContentView.swift */ = {isa = PBXFileReference; lastKnownFileType = sourcecode.swift; path = ContentView.swift; sourceTree = "<group>"; };
		A03314D6299692AE00F409A5 /* Assets.xcassets */ = {isa = PBXFileReference; lastKnownFileType = folder.assetcatalog; path = Assets.xcassets; sourceTree = "<group>"; };
		A03314D9299692AE00F409A5 /* Preview Assets.xcassets */ = {isa = PBXFileReference; lastKnownFileType = folder.assetcatalog; path = "Preview Assets.xcassets"; sourceTree = "<group>"; };
		A066FE06299E940900DB5F0D /* sensoriWatch1 Watch App.entitlements */ = {isa = PBXFileReference; lastKnownFileType = text.plist.entitlements; path = "sensoriWatch1 Watch App.entitlements"; sourceTree = "<group>"; };
		A0A0244C299D26F5001DB9C9 /* sensoriWatch1-Watch-App-Info.plist */ = {isa = PBXFileReference; lastKnownFileType = text.plist; path = "sensoriWatch1-Watch-App-Info.plist"; sourceTree = SOURCE_ROOT; };
/* End PBXFileReference section */

/* Begin PBXFrameworksBuildPhase section */
		A03314CA299692AD00F409A5 /* Frameworks */ = {
			isa = PBXFrameworksBuildPhase;
			buildActionMask = 2147483647;
			files = (
			);
			runOnlyForDeploymentPostprocessing = 0;
		};
/* End PBXFrameworksBuildPhase section */

/* Begin PBXGroup section */
		A03314C0299692AD00F409A5 = {
			isa = PBXGroup;
			children = (
				A03314D1299692AD00F409A5 /* sensoriWatch1 Watch App */,
				A03314C8299692AD00F409A5 /* Products */,
			);
			sourceTree = "<group>";
		};
		A03314C8299692AD00F409A5 /* Products */ = {
			isa = PBXGroup;
			children = (
				A03314C7299692AD00F409A5 /* sensoriWatch1.app */,
				A03314CD299692AD00F409A5 /* sensoriWatch1 Watch App.app */,
			);
			name = Products;
			sourceTree = "<group>";
		};
		A03314D1299692AD00F409A5 /* sensoriWatch1 Watch App */ = {
			isa = PBXGroup;
			children = (
				A066FE06299E940900DB5F0D /* sensoriWatch1 Watch App.entitlements */,
				A0A0244C299D26F5001DB9C9 /* sensoriWatch1-Watch-App-Info.plist */,
				A03314D2299692AD00F409A5 /* sensoriWatch1App.swift */,
				A03314D4299692AD00F409A5 /* ContentView.swift */,
				A03314D6299692AE00F409A5 /* Assets.xcassets */,
				A03314D8299692AE00F409A5 /* Preview Content */,
			);
			path = "sensoriWatch1 Watch App";
			sourceTree = "<group>";
		};
		A03314D8299692AE00F409A5 /* Preview Content */ = {
			isa = PBXGroup;
			children = (
				A03314D9299692AE00F409A5 /* Preview Assets.xcassets */,
			);
			path = "Preview Content";
			sourceTree = "<group>";
		};
/* End PBXGroup section */

/* Begin PBXNativeTarget section */
		A03314C6299692AD00F409A5 /* sensoriWatch1 */ = {
			isa = PBXNativeTarget;
			buildConfigurationList = A03314E1299692AE00F409A5 /* Build configuration list for PBXNativeTarget "sensoriWatch1" */;
			buildPhases = (
				A03314C5299692AD00F409A5 /* Resources */,
				A03314E0299692AE00F409A5 /* Embed Watch Content */,
			);
			buildRules = (
			);
			dependencies = (
				A03314D0299692AD00F409A5 /* PBXTargetDependency */,
			);
			name = sensoriWatch1;
			productName = sensoriWatch1;
			productReference = A03314C7299692AD00F409A5 /* sensoriWatch1.app */;
			productType = "com.apple.product-type.application.watchapp2-container";
		};
		A03314CC299692AD00F409A5 /* sensoriWatch1 Watch App */ = {
			isa = PBXNativeTarget;
			buildConfigurationList = A03314DD299692AE00F409A5 /* Build configuration list for PBXNativeTarget "sensoriWatch1 Watch App" */;
			buildPhases = (
				A03314C9299692AD00F409A5 /* Sources */,
				A03314CA299692AD00F409A5 /* Frameworks */,
				A03314CB299692AD00F409A5 /* Resources */,
			);
			buildRules = (
			);
			dependencies = (
			);
			name = "sensoriWatch1 Watch App";
			productName = "sensoriWatch1 Watch App";
			productReference = A03314CD299692AD00F409A5 /* sensoriWatch1 Watch App.app */;
			productType = "com.apple.product-type.application";
		};
/* End PBXNativeTarget section */

/* Begin PBXProject section */
		A03314C1299692AD00F409A5 /* Project object */ = {
			isa = PBXProject;
			attributes = {
				BuildIndependentTargetsInParallel = 1;
				LastSwiftUpdateCheck = 1420;
				LastUpgradeCheck = 1420;
				TargetAttributes = {
					A03314C6299692AD00F409A5 = {
						CreatedOnToolsVersion = 14.2;
					};
					A03314CC299692AD00F409A5 = {
						CreatedOnToolsVersion = 14.2;
					};
				};
			};
			buildConfigurationList = A03314C4299692AD00F409A5 /* Build configuration list for PBXProject "sensoriWatch1" */;
			compatibilityVersion = "Xcode 14.0";
			developmentRegion = en;
			hasScannedForEncodings = 0;
			knownRegions = (
				en,
				Base,
			);
			mainGroup = A03314C0299692AD00F409A5;
			productRefGroup = A03314C8299692AD00F409A5 /* Products */;
			projectDirPath = "";
			projectRoot = "";
			targets = (
				A03314C6299692AD00F409A5 /* sensoriWatch1 */,
				A03314CC299692AD00F409A5 /* sensoriWatch1 Watch App */,
			);
		};
/* End PBXProject section */

/* Begin PBXResourcesBuildPhase section */
		A03314C5299692AD00F409A5 /* Resources */ = {
			isa = PBXResourcesBuildPhase;
			buildActionMask = 2147483647;
			files = (
			);
			runOnlyForDeploymentPostprocessing = 0;
		};
		A03314CB299692AD00F409A5 /* Resources */ = {
			isa = PBXResourcesBuildPhase;
			buildActionMask = 2147483647;
			files = (
				A03314DA299692AE00F409A5 /* Preview Assets.xcassets in Resources */,
				A03314D7299692AE00F409A5 /* Assets.xcassets in Resources */,
			);
			runOnlyForDeploymentPostprocessing = 0;
		};
/* End PBXResourcesBuildPhase section */

/* Begin PBXSourcesBuildPhase section */
		A03314C9299692AD00F409A5 /* Sources */ = {
			isa = PBXSourcesBuildPhase;
			buildActionMask = 2147483647;
			files = (
				A03314D5299692AD00F409A5 /* ContentView.swift in Sources */,
				A03314D3299692AD00F409A5 /* sensoriWatch1App.swift in Sources */,
			);
			runOnlyForDeploymentPostprocessing = 0;
		};
/* End PBXSourcesBuildPhase section */

/* Begin PBXTargetDependency section */
		A03314D0299692AD00F409A5 /* PBXTargetDependency */ = {
			isa = PBXTargetDependency;
			target = A03314CC299692AD00F409A5 /* sensoriWatch1 Watch App */;
			targetProxy = A03314CF299692AD00F409A5 /* PBXContainerItemProxy */;
		};
/* End PBXTargetDependency section */

/* Begin XCBuildConfiguration section */
		A03314DB299692AE00F409A5 /* Debug */ = {
			isa = XCBuildConfiguration;
			buildSettings = {
				ALWAYS_SEARCH_USER_PATHS = NO;
				CLANG_ANALYZER_NONNULL = YES;
				CLANG_ANALYZER_NUMBER_OBJECT_CONVERSION = YES_AGGRESSIVE;
				CLANG_CXX_LANGUAGE_STANDARD = "gnu++20";
				CLANG_ENABLE_MODULES = YES;
				CLANG_ENABLE_OBJC_ARC = YES;
				CLANG_ENABLE_OBJC_WEAK = YES;
				CLANG_WARN_BLOCK_CAPTURE_AUTORELEASING = YES;
				CLANG_WARN_BOOL_CONVERSION = YES;
				CLANG_WARN_COMMA = YES;
				CLANG_WARN_CONSTANT_CONVERSION = YES;
				CLANG_WARN_DEPRECATED_OBJC_IMPLEMENTATIONS = YES;
				CLANG_WARN_DIRECT_OBJC_ISA_USAGE = YES_ERROR;
				CLANG_WARN_DOCUMENTATION_COMMENTS = YES;
				CLANG_WARN_EMPTY_BODY = YES;
				CLANG_WARN_ENUM_CONVERSION = YES;
				CLANG_WARN_INFINITE_RECURSION = YES;
				CLANG_WARN_INT_CONVERSION = YES;
				CLANG_WARN_NON_LITERAL_NULL_CONVERSION = YES;
				CLANG_WARN_OBJC_IMPLICIT_RETAIN_SELF = YES;
				CLANG_WARN_OBJC_LITERAL_CONVERSION = YES;
				CLANG_WARN_OBJC_ROOT_CLASS = YES_ERROR;
				CLANG_WARN_QUOTED_INCLUDE_IN_FRAMEWORK_HEADER = YES;
				CLANG_WARN_RANGE_LOOP_ANALYSIS = YES;
				CLANG_WARN_STRICT_PROTOTYPES = YES;
				CLANG_WARN_SUSPICIOUS_MOVE = YES;
				CLANG_WARN_UNGUARDED_AVAILABILITY = YES_AGGRESSIVE;
				CLANG_WARN_UNREACHABLE_CODE = YES;
				CLANG_WARN__DUPLICATE_METHOD_MATCH = YES;
				COPY_PHASE_STRIP = NO;
				DEBUG_INFORMATION_FORMAT = dwarf;
				ENABLE_STRICT_OBJC_MSGSEND = YES;
				ENABLE_TESTABILITY = YES;
				GCC_C_LANGUAGE_STANDARD = gnu11;
				GCC_DYNAMIC_NO_PIC = NO;
				GCC_NO_COMMON_BLOCKS = YES;
				GCC_OPTIMIZATION_LEVEL = 0;
				GCC_PREPROCESSOR_DEFINITIONS = (
					"DEBUG=1",
					"$(inherited)",
				);
				GCC_WARN_64_TO_32_BIT_CONVERSION = YES;
				GCC_WARN_ABOUT_RETURN_TYPE = YES_ERROR;
				GCC_WARN_UNDECLARED_SELECTOR = YES;
				GCC_WARN_UNINITIALIZED_AUTOS = YES_AGGRESSIVE;
				GCC_WARN_UNUSED_FUNCTION = YES;
				GCC_WARN_UNUSED_VARIABLE = YES;
				MTL_ENABLE_DEBUG_INFO = INCLUDE_SOURCE;
				MTL_FAST_MATH = YES;
				ONLY_ACTIVE_ARCH = YES;
				SWIFT_ACTIVE_COMPILATION_CONDITIONS = DEBUG;
				SWIFT_OPTIMIZATION_LEVEL = "-Onone";
			};
			name = Debug;
		};
		A03314DC299692AE00F409A5 /* Release */ = {
			isa = XCBuildConfiguration;
			buildSettings = {
				ALWAYS_SEARCH_USER_PATHS = NO;
				CLANG_ANALYZER_NONNULL = YES;
				CLANG_ANALYZER_NUMBER_OBJECT_CONVERSION = YES_AGGRESSIVE;
				CLANG_CXX_LANGUAGE_STANDARD = "gnu++20";
				CLANG_ENABLE_MODULES = YES;
				CLANG_ENABLE_OBJC_ARC = YES;
				CLANG_ENABLE_OBJC_WEAK = YES;
				CLANG_WARN_BLOCK_CAPTURE_AUTORELEASING = YES;
				CLANG_WARN_BOOL_CONVERSION = YES;
				CLANG_WARN_COMMA = YES;
				CLANG_WARN_CONSTANT_CONVERSION = YES;
				CLANG_WARN_DEPRECATED_OBJC_IMPLEMENTATIONS = YES;
				CLANG_WARN_DIRECT_OBJC_ISA_USAGE = YES_ERROR;
				CLANG_WARN_DOCUMENTATION_COMMENTS = YES;
				CLANG_WARN_EMPTY_BODY = YES;
				CLANG_WARN_ENUM_CONVERSION = YES;
				CLANG_WARN_INFINITE_RECURSION = YES;
				CLANG_WARN_INT_CONVERSION = YES;
				CLANG_WARN_NON_LITERAL_NULL_CONVERSION = YES;
				CLANG_WARN_OBJC_IMPLICIT_RETAIN_SELF = YES;
				CLANG_WARN_OBJC_LITERAL_CONVERSION = YES;
				CLANG_WARN_OBJC_ROOT_CLASS = YES_ERROR;
				CLANG_WARN_QUOTED_INCLUDE_IN_FRAMEWORK_HEADER = YES;
				CLANG_WARN_RANGE_LOOP_ANALYSIS = YES;
				CLANG_WARN_STRICT_PROTOTYPES = YES;
				CLANG_WARN_SUSPICIOUS_MOVE = YES;
				CLANG_WARN_UNGUARDED_AVAILABILITY = YES_AGGRESSIVE;
				CLANG_WARN_UNREACHABLE_CODE = YES;
				CLANG_WARN__DUPLICATE_METHOD_MATCH = YES;
				COPY_PHASE_STRIP = NO;
				DEBUG_INFORMATION_FORMAT = "dwarf-with-dsym";
				ENABLE_NS_ASSERTIONS = NO;
				ENABLE_STRICT_OBJC_MSGSEND = YES;
				GCC_C_LANGUAGE_STANDARD = gnu11;
				GCC_NO_COMMON_BLOCKS = YES;
				GCC_WARN_64_TO_32_BIT_CONVERSION = YES;
				GCC_WARN_ABOUT_RETURN_TYPE = YES_ERROR;
				GCC_WARN_UNDECLARED_SELECTOR = YES;
				GCC_WARN_UNINITIALIZED_AUTOS = YES_AGGRESSIVE;
				GCC_WARN_UNUSED_FUNCTION = YES;
				GCC_WARN_UNUSED_VARIABLE = YES;
				MTL_ENABLE_DEBUG_INFO = NO;
				MTL_FAST_MATH = YES;
				SWIFT_COMPILATION_MODE = wholemodule;
				SWIFT_OPTIMIZATION_LEVEL = "-O";
			};
			name = Release;
		};
		A03314DE299692AE00F409A5 /* Debug */ = {
			isa = XCBuildConfiguration;
			buildSettings = {
				ASSETCATALOG_COMPILER_APPICON_NAME = AppIcon;
				ASSETCATALOG_COMPILER_GLOBAL_ACCENT_COLOR_NAME = AccentColor;
				ASSETCATALOG_COMPILER_INCLUDE_ALL_APPICON_ASSETS = YES;
				CODE_SIGN_ENTITLEMENTS = "sensoriWatch1 Watch App/sensoriWatch1 Watch App.entitlements";
				CODE_SIGN_STYLE = Automatic;
				CURRENT_PROJECT_VERSION = 1;
				DEVELOPMENT_ASSET_PATHS = "\"sensoriWatch1 Watch App/Preview Content\"";
				DEVELOPMENT_TEAM = 8URCD954MQ;
				ENABLE_PREVIEWS = YES;
				GENERATE_INFOPLIST_FILE = YES;
				INFOPLIST_FILE = "sensoriWatch1-Watch-App-Info.plist";
				INFOPLIST_KEY_CFBundleDisplayName = sensoriWatch1;
				INFOPLIST_KEY_NSHealthShareUsageDescription = "sensoriWatch1-Watch";
				INFOPLIST_KEY_NSHealthUpdateUsageDescription = "sensoriWatch1-Watch";
				INFOPLIST_KEY_UISupportedInterfaceOrientations = "UIInterfaceOrientationPortrait UIInterfaceOrientationPortraitUpsideDown";
				INFOPLIST_KEY_WKWatchOnly = YES;
				LD_RUNPATH_SEARCH_PATHS = (
					"$(inherited)",
					"@executable_path/Frameworks",
				);
				MARKETING_VERSION = 1.0;
				PRODUCT_BUNDLE_IDENTIFIER = it.parthenope.sensoriWatch1.watchkitapp;
				PRODUCT_NAME = "$(TARGET_NAME)";
				SDKROOT = watchos;
				SKIP_INSTALL = YES;
				SWIFT_EMIT_LOC_STRINGS = YES;
				SWIFT_VERSION = 5.0;
				TARGETED_DEVICE_FAMILY = 4;
				WATCHOS_DEPLOYMENT_TARGET = 9.1;
			};
			name = Debug;
		};
		A03314DF299692AE00F409A5 /* Release */ = {
			isa = XCBuildConfiguration;
			buildSettings = {
				ASSETCATALOG_COMPILER_APPICON_NAME = AppIcon;
				ASSETCATALOG_COMPILER_GLOBAL_ACCENT_COLOR_NAME = AccentColor;
				ASSETCATALOG_COMPILER_INCLUDE_ALL_APPICON_ASSETS = YES;
				CODE_SIGN_ENTITLEMENTS = "sensoriWatch1 Watch App/sensoriWatch1 Watch App.entitlements";
				CODE_SIGN_STYLE = Automatic;
				CURRENT_PROJECT_VERSION = 1;
				DEVELOPMENT_ASSET_PATHS = "\"sensoriWatch1 Watch App/Preview Content\"";
				DEVELOPMENT_TEAM = 8URCD954MQ;
				ENABLE_PREVIEWS = YES;
				GENERATE_INFOPLIST_FILE = YES;
				INFOPLIST_FILE = "sensoriWatch1-Watch-App-Info.plist";
				INFOPLIST_KEY_CFBundleDisplayName = sensoriWatch1;
				INFOPLIST_KEY_NSHealthShareUsageDescription = "sensoriWatch1-Watch";
				INFOPLIST_KEY_NSHealthUpdateUsageDescription = "sensoriWatch1-Watch";
				INFOPLIST_KEY_UISupportedInterfaceOrientations = "UIInterfaceOrientationPortrait UIInterfaceOrientationPortraitUpsideDown";
				INFOPLIST_KEY_WKWatchOnly = YES;
				LD_RUNPATH_SEARCH_PATHS = (
					"$(inherited)",
					"@executable_path/Frameworks",
				);
				MARKETING_VERSION = 1.0;
				PRODUCT_BUNDLE_IDENTIFIER = it.parthenope.sensoriWatch1.watchkitapp;
				PRODUCT_NAME = "$(TARGET_NAME)";
				SDKROOT = watchos;
				SKIP_INSTALL = YES;
				SWIFT_EMIT_LOC_STRINGS = YES;
				SWIFT_VERSION = 5.0;
				TARGETED_DEVICE_FAMILY = 4;
				VALIDATE_PRODUCT = YES;
				WATCHOS_DEPLOYMENT_TARGET = 9.1;
			};
			name = Release;
		};
		A03314E2299692AE00F409A5 /* Debug */ = {
			isa = XCBuildConfiguration;
			buildSettings = {
				ALWAYS_EMBED_SWIFT_STANDARD_LIBRARIES = YES;
				CODE_SIGN_STYLE = Automatic;
				CURRENT_PROJECT_VERSION = 1;
				DEVELOPMENT_TEAM = 8URCD954MQ;
				INFOPLIST_KEY_CFBundleDisplayName = sensoriWatch1;
				MARKETING_VERSION = 1.0;
				PRODUCT_BUNDLE_IDENTIFIER = it.parthenope.sensoriWatch1;
				PRODUCT_NAME = "$(TARGET_NAME)";
				SDKROOT = iphoneos;
				SUPPORTED_PLATFORMS = "iphoneos iphonesimulator watchos watchsimulator";
				SUPPORTS_MACCATALYST = NO;
				SUPPORTS_MAC_DESIGNED_FOR_IPHONE_IPAD = NO;
				SWIFT_VERSION = 5.0;
				TARGETED_DEVICE_FAMILY = "1,4";
				WATCHOS_DEPLOYMENT_TARGET = 9.1;
			};
			name = Debug;
		};
		A03314E3299692AE00F409A5 /* Release */ = {
			isa = XCBuildConfiguration;
			buildSettings = {
				ALWAYS_EMBED_SWIFT_STANDARD_LIBRARIES = YES;
				CODE_SIGN_STYLE = Automatic;
				CURRENT_PROJECT_VERSION = 1;
				DEVELOPMENT_TEAM = 8URCD954MQ;
				INFOPLIST_KEY_CFBundleDisplayName = sensoriWatch1;
				MARKETING_VERSION = 1.0;
				PRODUCT_BUNDLE_IDENTIFIER = it.parthenope.sensoriWatch1;
				PRODUCT_NAME = "$(TARGET_NAME)";
				SDKROOT = iphoneos;
				SUPPORTED_PLATFORMS = "iphoneos iphonesimulator watchos watchsimulator";
				SUPPORTS_MACCATALYST = NO;
				SUPPORTS_MAC_DESIGNED_FOR_IPHONE_IPAD = NO;
				SWIFT_VERSION = 5.0;
				TARGETED_DEVICE_FAMILY = "1,4";
				VALIDATE_PRODUCT = YES;
				WATCHOS_DEPLOYMENT_TARGET = 9.1;
			};
			name = Release;
		};
/* End XCBuildConfiguration section */

/* Begin XCConfigurationList section */
		A03314C4299692AD00F409A5 /* Build configuration list for PBXProject "sensoriWatch1" */ = {
			isa = XCConfigurationList;
			buildConfigurations = (
				A03314DB299692AE00F409A5 /* Debug */,
				A03314DC299692AE00F409A5 /* Release */,
			);
			defaultConfigurationIsVisible = 0;
			defaultConfigurationName = Release;
		};
		A03314DD299692AE00F409A5 /* Build configuration list for PBXNativeTarget "sensoriWatch1 Watch App" */ = {
			isa = XCConfigurationList;
			buildConfigurations = (
				A03314DE299692AE00F409A5 /* Debug */,
				A03314DF299692AE00F409A5 /* Release */,
			);
			defaultConfigurationIsVisible = 0;
			defaultConfigurationName = Release;
		};
		A03314E1299692AE00F409A5 /* Build configuration list for PBXNativeTarget "sensoriWatch1" */ = {
			isa = XCConfigurationList;
			buildConfigurations = (
				A03314E2299692AE00F409A5 /* Debug */,
				A03314E3299692AE00F409A5 /* Release */,
			);
			defaultConfigurationIsVisible = 0;
			defaultConfigurationName = Release;
		};
/* End XCConfigurationList section */
	};
	rootObject = A03314C1299692AD00F409A5 /* Project object */;
}
